// !$*UTF8*$!
{
	archiveVersion = 1;
	classes = {
	};
	objectVersion = 51;
	objects = {

/* Begin PBXBuildFile section */
		22079C282623E6270039C406 /* AppDelegate.swift in Sources */ = {isa = PBXBuildFile; fileRef = 22079C272623E6270039C406 /* AppDelegate.swift */; };
		22079C312623E62A0039C406 /* Assets.xcassets in Resources */ = {isa = PBXBuildFile; fileRef = 22079C302623E62A0039C406 /* Assets.xcassets */; };
		22079C342623E62A0039C406 /* LaunchScreen.storyboard in Resources */ = {isa = PBXBuildFile; fileRef = 22079C322623E62A0039C406 /* LaunchScreen.storyboard */; };
		22079C3F2623EA050039C406 /* VTBaseViewController.swift in Sources */ = {isa = PBXBuildFile; fileRef = 22079C3E2623EA050039C406 /* VTBaseViewController.swift */; };
		22142C61262876A700C3499C /* LICENSE in Resources */ = {isa = PBXBuildFile; fileRef = 22142C44262876A700C3499C /* LICENSE */; };
		22142C62262876A700C3499C /* PathPositionAnimation.swift in Sources */ = {isa = PBXBuildFile; fileRef = 22142C46262876A700C3499C /* PathPositionAnimation.swift */; };
		22142C63262876A700C3499C /* EasingFunction.swift in Sources */ = {isa = PBXBuildFile; fileRef = 22142C48262876A700C3499C /* EasingFunction.swift */; };
		22142C64262876A700C3499C /* CubicBezier.swift in Sources */ = {isa = PBXBuildFile; fileRef = 22142C49262876A700C3499C /* CubicBezier.swift */; };
		22142C65262876A700C3499C /* RotationAnimation.swift in Sources */ = {isa = PBXBuildFile; fileRef = 22142C4A262876A700C3499C /* RotationAnimation.swift */; };
		22142C66262876A700C3499C /* ConstraintConstantAnimation.swift in Sources */ = {isa = PBXBuildFile; fileRef = 22142C4B262876A700C3499C /* ConstraintConstantAnimation.swift */; };
		22142C67262876A700C3499C /* AnimatedPagingScrollViewController.swift in Sources */ = {isa = PBXBuildFile; fileRef = 22142C4C262876A700C3499C /* AnimatedPagingScrollViewController.swift */; };
		22142C68262876A700C3499C /* BackgroundColorAnimation.swift in Sources */ = {isa = PBXBuildFile; fileRef = 22142C4D262876A700C3499C /* BackgroundColorAnimation.swift */; };
		22142C69262876A700C3499C /* ScrollViewPageConstraintAnimation.swift in Sources */ = {isa = PBXBuildFile; fileRef = 22142C4E262876A700C3499C /* ScrollViewPageConstraintAnimation.swift */; };
		22142C6A262876A700C3499C /* Animation.swift in Sources */ = {isa = PBXBuildFile; fileRef = 22142C4F262876A700C3499C /* Animation.swift */; };
		22142C6B262876A700C3499C /* LayerStrokeStartAnimation.swift in Sources */ = {isa = PBXBuildFile; fileRef = 22142C50262876A700C3499C /* LayerStrokeStartAnimation.swift */; };
		22142C6C262876A700C3499C /* LayerFillColorAnimation.swift in Sources */ = {isa = PBXBuildFile; fileRef = 22142C51262876A700C3499C /* LayerFillColorAnimation.swift */; };
		22142C6D262876A700C3499C /* UIView+Transform.swift in Sources */ = {isa = PBXBuildFile; fileRef = 22142C52262876A700C3499C /* UIView+Transform.swift */; };
		22142C6E262876A700C3499C /* Interpolatable.swift in Sources */ = {isa = PBXBuildFile; fileRef = 22142C53262876A700C3499C /* Interpolatable.swift */; };
		22142C6F262876A700C3499C /* LayerStrokeEndAnimation.swift in Sources */ = {isa = PBXBuildFile; fileRef = 22142C54262876A700C3499C /* LayerStrokeEndAnimation.swift */; };
		22142C70262876A700C3499C /* ConstraintMultiplierAnimation.swift in Sources */ = {isa = PBXBuildFile; fileRef = 22142C55262876A700C3499C /* ConstraintMultiplierAnimation.swift */; };
		22142C71262876A700C3499C /* LayerStrokeColorAnimation.swift in Sources */ = {isa = PBXBuildFile; fileRef = 22142C56262876A700C3499C /* LayerStrokeColorAnimation.swift */; };
		22142C72262876A700C3499C /* AlphaAnimation.swift in Sources */ = {isa = PBXBuildFile; fileRef = 22142C57262876A700C3499C /* AlphaAnimation.swift */; };
		22142C73262876A700C3499C /* Animatable.swift in Sources */ = {isa = PBXBuildFile; fileRef = 22142C58262876A700C3499C /* Animatable.swift */; };
		22142C74262876A700C3499C /* HideAnimation.swift in Sources */ = {isa = PBXBuildFile; fileRef = 22142C59262876A700C3499C /* HideAnimation.swift */; };
		22142C75262876A700C3499C /* Animator.swift in Sources */ = {isa = PBXBuildFile; fileRef = 22142C5A262876A700C3499C /* Animator.swift */; };
		22142C76262876A700C3499C /* LabelTextColorAnimation.swift in Sources */ = {isa = PBXBuildFile; fileRef = 22142C5B262876A700C3499C /* LabelTextColorAnimation.swift */; };
		22142C77262876A700C3499C /* TranslationAnimation.swift in Sources */ = {isa = PBXBuildFile; fileRef = 22142C5C262876A700C3499C /* TranslationAnimation.swift */; };
		22142C78262876A700C3499C /* Filmstrip.swift in Sources */ = {isa = PBXBuildFile; fileRef = 22142C5D262876A700C3499C /* Filmstrip.swift */; };
		22142C79262876A700C3499C /* ScaleAnimation.swift in Sources */ = {isa = PBXBuildFile; fileRef = 22142C5E262876A700C3499C /* ScaleAnimation.swift */; };
		22142C7A262876A700C3499C /* CornerRadiusAnimation.swift in Sources */ = {isa = PBXBuildFile; fileRef = 22142C5F262876A700C3499C /* CornerRadiusAnimation.swift */; };
		22142C7B262876A700C3499C /* README.md in Resources */ = {isa = PBXBuildFile; fileRef = 22142C60262876A700C3499C /* README.md */; };
		22142C7D26292DE800C3499C /* AppGuideAnimationViewController.swift in Sources */ = {isa = PBXBuildFile; fileRef = 22142C7C26292DE800C3499C /* AppGuideAnimationViewController.swift */; };
		22142C7F26292F9A00C3499C /* GuideRes.xcassets in Resources */ = {isa = PBXBuildFile; fileRef = 22142C7E26292F9A00C3499C /* GuideRes.xcassets */; };
		22142C812629306B00C3499C /* VTBaseViewModel.swift in Sources */ = {isa = PBXBuildFile; fileRef = 22142C802629306B00C3499C /* VTBaseViewModel.swift */; };
		22142C832629317900C3499C /* MacroFile.swift in Sources */ = {isa = PBXBuildFile; fileRef = 22142C822629317900C3499C /* MacroFile.swift */; };
		22142C85262961F000C3499C /* ServiceInterviceFile.swift in Sources */ = {isa = PBXBuildFile; fileRef = 22142C84262961F000C3499C /* ServiceInterviceFile.swift */; };
		22142C87262963CA00C3499C /* ServiceAddressFile.swift in Sources */ = {isa = PBXBuildFile; fileRef = 22142C86262963CA00C3499C /* ServiceAddressFile.swift */; };
		22192DED262D8C8F0018E7B7 /* VTHomePageViewController.swift in Sources */ = {isa = PBXBuildFile; fileRef = 22192DEC262D8C8F0018E7B7 /* VTHomePageViewController.swift */; };
		22192DF0262D8CB30018E7B7 /* VTZoneDynamicPageViewController.swift in Sources */ = {isa = PBXBuildFile; fileRef = 22192DEF262D8CB30018E7B7 /* VTZoneDynamicPageViewController.swift */; };
		22192DF3262D8CC20018E7B7 /* VTChatPageViewController.swift in Sources */ = {isa = PBXBuildFile; fileRef = 22192DF2262D8CC20018E7B7 /* VTChatPageViewController.swift */; };
		22192DF6262D8CD00018E7B7 /* VTMinePageViewController.swift in Sources */ = {isa = PBXBuildFile; fileRef = 22192DF5262D8CD00018E7B7 /* VTMinePageViewController.swift */; };
		22192DFA262D8D160018E7B7 /* VTTabbarViewController.swift in Sources */ = {isa = PBXBuildFile; fileRef = 22192DF9262D8D160018E7B7 /* VTTabbarViewController.swift */; };
		22192E00262D92800018E7B7 /* SVGResBundle.bundle in Resources */ = {isa = PBXBuildFile; fileRef = 22192DFF262D92800018E7B7 /* SVGResBundle.bundle */; };
		221CF1B326462B7300593DF4 /* UIImage+SVGManager.m in Sources */ = {isa = PBXBuildFile; fileRef = 221CF1AE26462B6700593DF4 /* UIImage+SVGManager.m */; };
		221CF1B426462B7300593DF4 /* Date.swift in Sources */ = {isa = PBXBuildFile; fileRef = 221CF1B126462B7200593DF4 /* Date.swift */; };
		221CF1B526462B7300593DF4 /* TopController.swift in Sources */ = {isa = PBXBuildFile; fileRef = 221CF1B226462B7200593DF4 /* TopController.swift */; };
		221CF1B826462C1D00593DF4 /* VTBaseAlertViewController.swift in Sources */ = {isa = PBXBuildFile; fileRef = 221CF1B726462C1D00593DF4 /* VTBaseAlertViewController.swift */; };
		221CF1BC26462C4C00593DF4 /* FontFile.swift in Sources */ = {isa = PBXBuildFile; fileRef = 221CF1BA26462C4C00593DF4 /* FontFile.swift */; };
		221CF1BD26462C4C00593DF4 /* MinSpaceFile.swift in Sources */ = {isa = PBXBuildFile; fileRef = 221CF1BB26462C4C00593DF4 /* MinSpaceFile.swift */; };
		221CF1C126462C7300593DF4 /* VTImageViewController.swift in Sources */ = {isa = PBXBuildFile; fileRef = 221CF1C026462C7300593DF4 /* VTImageViewController.swift */; };
		221CF1C826462CDD00593DF4 /* HS Alhandsi W23 Regular.ttf in Resources */ = {isa = PBXBuildFile; fileRef = 221CF1C426462CDD00593DF4 /* HS Alhandsi W23 Regular.ttf */; };
		221CF1C926462CDD00593DF4 /* YSHaoShenTi-2.ttf in Resources */ = {isa = PBXBuildFile; fileRef = 221CF1C526462CDD00593DF4 /* YSHaoShenTi-2.ttf */; };
		221CF1CA26462CDD00593DF4 /* ResourceHanRoundedCN-Medium.ttf in Resources */ = {isa = PBXBuildFile; fileRef = 221CF1C626462CDD00593DF4 /* ResourceHanRoundedCN-Medium.ttf */; };
		221CF1CB26462CDD00593DF4 /* Futura-Medium-6.ttf in Resources */ = {isa = PBXBuildFile; fileRef = 221CF1C726462CDD00593DF4 /* Futura-Medium-6.ttf */; };
		221CF1CE26462D9700593DF4 /* ImageRes.xcassets in Resources */ = {isa = PBXBuildFile; fileRef = 221CF1CD26462D9700593DF4 /* ImageRes.xcassets */; };
		221D0A5D2632706C009F53DA /* VTBaseNavViewController.swift in Sources */ = {isa = PBXBuildFile; fileRef = 221D0A5C2632706C009F53DA /* VTBaseNavViewController.swift */; };
		221D0BC02632A8CF009F53DA /* ColorFile.swift in Sources */ = {isa = PBXBuildFile; fileRef = 221D0BBF2632A8CF009F53DA /* ColorFile.swift */; };
		221D0BC32632AEF4009F53DA /* BundlePathFile.swift in Sources */ = {isa = PBXBuildFile; fileRef = 221D0BC22632AEF4009F53DA /* BundlePathFile.swift */; };
		221D0BE826351076009F53DA /* VTMainViewModel.swift in Sources */ = {isa = PBXBuildFile; fileRef = 221D0BE726351076009F53DA /* VTMainViewModel.swift */; };
		221D0BEB263514CE009F53DA /* UserDefaultsKeyFile.swift in Sources */ = {isa = PBXBuildFile; fileRef = 221D0BEA263514CE009F53DA /* UserDefaultsKeyFile.swift */; };
		221D0C10263520C2009F53DA /* VTHudTool.swift in Sources */ = {isa = PBXBuildFile; fileRef = 221D0C0F263520C2009F53DA /* VTHudTool.swift */; };
		221D0C3B2635221E009F53DA /* SwiftProgressHUD.swift in Sources */ = {isa = PBXBuildFile; fileRef = 221D0C3A2635221D009F53DA /* SwiftProgressHUD.swift */; };
		221D0C3F26354355009F53DA /* VTUserInfoCache.swift in Sources */ = {isa = PBXBuildFile; fileRef = 221D0C3E26354355009F53DA /* VTUserInfoCache.swift */; };
		221D0C4226354A18009F53DA /* VTGlobalStatusModel.swift in Sources */ = {isa = PBXBuildFile; fileRef = 221D0C4126354A18009F53DA /* VTGlobalStatusModel.swift */; };
		222F7A0726491061004FB29A /* LanguageTool.swift in Sources */ = {isa = PBXBuildFile; fileRef = 222F7A0626491061004FB29A /* LanguageTool.swift */; };
		222F7A1526491111004FB29A /* Localizable.strings in Resources */ = {isa = PBXBuildFile; fileRef = 222F7A1326491111004FB29A /* Localizable.strings */; };
		222F7A2C26493924004FB29A /* VersionAPI.swift in Sources */ = {isa = PBXBuildFile; fileRef = 222F7A2B26493924004FB29A /* VersionAPI.swift */; };
		222F7A31264940D3004FB29A /* DeviceInfoFile.swift in Sources */ = {isa = PBXBuildFile; fileRef = 222F7A30264940D3004FB29A /* DeviceInfoFile.swift */; };
		222F7A34264A1EA8004FB29A /* MapExtension.swift in Sources */ = {isa = PBXBuildFile; fileRef = 222F7A33264A1EA8004FB29A /* MapExtension.swift */; };
		222F7A3E264A3793004FB29A /* VTVersionModel.swift in Sources */ = {isa = PBXBuildFile; fileRef = 222F7A3D264A3793004FB29A /* VTVersionModel.swift */; };
		222F7A47264A66E5004FB29A /* VTVersionViewController.swift in Sources */ = {isa = PBXBuildFile; fileRef = 222F7A46264A66E5004FB29A /* VTVersionViewController.swift */; };
		225F4E3B26286635004FB177 /* VTBaseModel.swift in Sources */ = {isa = PBXBuildFile; fileRef = 225F4E3A26286635004FB177 /* VTBaseModel.swift */; };
		225F4E3D26286C7C004FB177 /* SwiftLibFile.swift in Sources */ = {isa = PBXBuildFile; fileRef = 225F4E3C26286C7C004FB177 /* SwiftLibFile.swift */; };
		227DD4A42627E402006C8377 /* VTMainViewController.swift in Sources */ = {isa = PBXBuildFile; fileRef = 227DD4A32627E402006C8377 /* VTMainViewController.swift */; };
		227DD4A72627E78B006C8377 /* VTBaseUserInfoModel.swift in Sources */ = {isa = PBXBuildFile; fileRef = 227DD4A62627E78B006C8377 /* VTBaseUserInfoModel.swift */; };
		2C897C4E7391D58180909938 /* Pods_VoiceTalk.framework in Frameworks */ = {isa = PBXBuildFile; fileRef = 21FFA416FF0B0A4CC58F41A1 /* Pods_VoiceTalk.framework */; };
/* End PBXBuildFile section */

/* Begin PBXFileReference section */
		11AA85BBDED262AAED693305 /* Pods-VoiceTalk.release.xcconfig */ = {isa = PBXFileReference; includeInIndex = 1; lastKnownFileType = text.xcconfig; name = "Pods-VoiceTalk.release.xcconfig"; path = "Target Support Files/Pods-VoiceTalk/Pods-VoiceTalk.release.xcconfig"; sourceTree = "<group>"; };
		21FFA416FF0B0A4CC58F41A1 /* Pods_VoiceTalk.framework */ = {isa = PBXFileReference; explicitFileType = wrapper.framework; includeInIndex = 0; path = Pods_VoiceTalk.framework; sourceTree = BUILT_PRODUCTS_DIR; };
		22079C242623E6270039C406 /* VoiceTalk.app */ = {isa = PBXFileReference; explicitFileType = wrapper.application; includeInIndex = 0; path = VoiceTalk.app; sourceTree = BUILT_PRODUCTS_DIR; };
		22079C272623E6270039C406 /* AppDelegate.swift */ = {isa = PBXFileReference; lastKnownFileType = sourcecode.swift; path = AppDelegate.swift; sourceTree = "<group>"; };
		22079C302623E62A0039C406 /* Assets.xcassets */ = {isa = PBXFileReference; lastKnownFileType = folder.assetcatalog; path = Assets.xcassets; sourceTree = "<group>"; };
		22079C332623E62A0039C406 /* Base */ = {isa = PBXFileReference; lastKnownFileType = file.storyboard; name = Base; path = Base.lproj/LaunchScreen.storyboard; sourceTree = "<group>"; };
		22079C352623E62A0039C406 /* Info.plist */ = {isa = PBXFileReference; lastKnownFileType = text.plist.xml; path = Info.plist; sourceTree = "<group>"; };
		22079C3E2623EA050039C406 /* VTBaseViewController.swift */ = {isa = PBXFileReference; lastKnownFileType = sourcecode.swift; path = VTBaseViewController.swift; sourceTree = "<group>"; };
		22142C44262876A700C3499C /* LICENSE */ = {isa = PBXFileReference; fileEncoding = 4; lastKnownFileType = text; path = LICENSE; sourceTree = "<group>"; };
		22142C46262876A700C3499C /* PathPositionAnimation.swift */ = {isa = PBXFileReference; fileEncoding = 4; lastKnownFileType = sourcecode.swift; path = PathPositionAnimation.swift; sourceTree = "<group>"; };
		22142C47262876A700C3499C /* RazzleDazzle.h */ = {isa = PBXFileReference; fileEncoding = 4; lastKnownFileType = sourcecode.c.h; path = RazzleDazzle.h; sourceTree = "<group>"; };
		22142C48262876A700C3499C /* EasingFunction.swift */ = {isa = PBXFileReference; fileEncoding = 4; lastKnownFileType = sourcecode.swift; path = EasingFunction.swift; sourceTree = "<group>"; };
		22142C49262876A700C3499C /* CubicBezier.swift */ = {isa = PBXFileReference; fileEncoding = 4; lastKnownFileType = sourcecode.swift; path = CubicBezier.swift; sourceTree = "<group>"; };
		22142C4A262876A700C3499C /* RotationAnimation.swift */ = {isa = PBXFileReference; fileEncoding = 4; lastKnownFileType = sourcecode.swift; path = RotationAnimation.swift; sourceTree = "<group>"; };
		22142C4B262876A700C3499C /* ConstraintConstantAnimation.swift */ = {isa = PBXFileReference; fileEncoding = 4; lastKnownFileType = sourcecode.swift; path = ConstraintConstantAnimation.swift; sourceTree = "<group>"; };
		22142C4C262876A700C3499C /* AnimatedPagingScrollViewController.swift */ = {isa = PBXFileReference; fileEncoding = 4; lastKnownFileType = sourcecode.swift; path = AnimatedPagingScrollViewController.swift; sourceTree = "<group>"; };
		22142C4D262876A700C3499C /* BackgroundColorAnimation.swift */ = {isa = PBXFileReference; fileEncoding = 4; lastKnownFileType = sourcecode.swift; path = BackgroundColorAnimation.swift; sourceTree = "<group>"; };
		22142C4E262876A700C3499C /* ScrollViewPageConstraintAnimation.swift */ = {isa = PBXFileReference; fileEncoding = 4; lastKnownFileType = sourcecode.swift; path = ScrollViewPageConstraintAnimation.swift; sourceTree = "<group>"; };
		22142C4F262876A700C3499C /* Animation.swift */ = {isa = PBXFileReference; fileEncoding = 4; lastKnownFileType = sourcecode.swift; path = Animation.swift; sourceTree = "<group>"; };
		22142C50262876A700C3499C /* LayerStrokeStartAnimation.swift */ = {isa = PBXFileReference; fileEncoding = 4; lastKnownFileType = sourcecode.swift; path = LayerStrokeStartAnimation.swift; sourceTree = "<group>"; };
		22142C51262876A700C3499C /* LayerFillColorAnimation.swift */ = {isa = PBXFileReference; fileEncoding = 4; lastKnownFileType = sourcecode.swift; path = LayerFillColorAnimation.swift; sourceTree = "<group>"; };
		22142C52262876A700C3499C /* UIView+Transform.swift */ = {isa = PBXFileReference; fileEncoding = 4; lastKnownFileType = sourcecode.swift; path = "UIView+Transform.swift"; sourceTree = "<group>"; };
		22142C53262876A700C3499C /* Interpolatable.swift */ = {isa = PBXFileReference; fileEncoding = 4; lastKnownFileType = sourcecode.swift; path = Interpolatable.swift; sourceTree = "<group>"; };
		22142C54262876A700C3499C /* LayerStrokeEndAnimation.swift */ = {isa = PBXFileReference; fileEncoding = 4; lastKnownFileType = sourcecode.swift; path = LayerStrokeEndAnimation.swift; sourceTree = "<group>"; };
		22142C55262876A700C3499C /* ConstraintMultiplierAnimation.swift */ = {isa = PBXFileReference; fileEncoding = 4; lastKnownFileType = sourcecode.swift; path = ConstraintMultiplierAnimation.swift; sourceTree = "<group>"; };
		22142C56262876A700C3499C /* LayerStrokeColorAnimation.swift */ = {isa = PBXFileReference; fileEncoding = 4; lastKnownFileType = sourcecode.swift; path = LayerStrokeColorAnimation.swift; sourceTree = "<group>"; };
		22142C57262876A700C3499C /* AlphaAnimation.swift */ = {isa = PBXFileReference; fileEncoding = 4; lastKnownFileType = sourcecode.swift; path = AlphaAnimation.swift; sourceTree = "<group>"; };
		22142C58262876A700C3499C /* Animatable.swift */ = {isa = PBXFileReference; fileEncoding = 4; lastKnownFileType = sourcecode.swift; path = Animatable.swift; sourceTree = "<group>"; };
		22142C59262876A700C3499C /* HideAnimation.swift */ = {isa = PBXFileReference; fileEncoding = 4; lastKnownFileType = sourcecode.swift; path = HideAnimation.swift; sourceTree = "<group>"; };
		22142C5A262876A700C3499C /* Animator.swift */ = {isa = PBXFileReference; fileEncoding = 4; lastKnownFileType = sourcecode.swift; path = Animator.swift; sourceTree = "<group>"; };
		22142C5B262876A700C3499C /* LabelTextColorAnimation.swift */ = {isa = PBXFileReference; fileEncoding = 4; lastKnownFileType = sourcecode.swift; path = LabelTextColorAnimation.swift; sourceTree = "<group>"; };
		22142C5C262876A700C3499C /* TranslationAnimation.swift */ = {isa = PBXFileReference; fileEncoding = 4; lastKnownFileType = sourcecode.swift; path = TranslationAnimation.swift; sourceTree = "<group>"; };
		22142C5D262876A700C3499C /* Filmstrip.swift */ = {isa = PBXFileReference; fileEncoding = 4; lastKnownFileType = sourcecode.swift; path = Filmstrip.swift; sourceTree = "<group>"; };
		22142C5E262876A700C3499C /* ScaleAnimation.swift */ = {isa = PBXFileReference; fileEncoding = 4; lastKnownFileType = sourcecode.swift; path = ScaleAnimation.swift; sourceTree = "<group>"; };
		22142C5F262876A700C3499C /* CornerRadiusAnimation.swift */ = {isa = PBXFileReference; fileEncoding = 4; lastKnownFileType = sourcecode.swift; path = CornerRadiusAnimation.swift; sourceTree = "<group>"; };
		22142C60262876A700C3499C /* README.md */ = {isa = PBXFileReference; fileEncoding = 4; lastKnownFileType = net.daringfireball.markdown; path = README.md; sourceTree = "<group>"; };
		22142C7C26292DE800C3499C /* AppGuideAnimationViewController.swift */ = {isa = PBXFileReference; lastKnownFileType = sourcecode.swift; path = AppGuideAnimationViewController.swift; sourceTree = "<group>"; };
		22142C7E26292F9A00C3499C /* GuideRes.xcassets */ = {isa = PBXFileReference; lastKnownFileType = folder.assetcatalog; path = GuideRes.xcassets; sourceTree = "<group>"; };
		22142C802629306B00C3499C /* VTBaseViewModel.swift */ = {isa = PBXFileReference; lastKnownFileType = sourcecode.swift; path = VTBaseViewModel.swift; sourceTree = "<group>"; };
		22142C822629317900C3499C /* MacroFile.swift */ = {isa = PBXFileReference; lastKnownFileType = sourcecode.swift; path = MacroFile.swift; sourceTree = "<group>"; };
		22142C84262961F000C3499C /* ServiceInterviceFile.swift */ = {isa = PBXFileReference; lastKnownFileType = sourcecode.swift; path = ServiceInterviceFile.swift; sourceTree = "<group>"; };
		22142C86262963CA00C3499C /* ServiceAddressFile.swift */ = {isa = PBXFileReference; lastKnownFileType = sourcecode.swift; path = ServiceAddressFile.swift; sourceTree = "<group>"; };
		22192DEC262D8C8F0018E7B7 /* VTHomePageViewController.swift */ = {isa = PBXFileReference; lastKnownFileType = sourcecode.swift; path = VTHomePageViewController.swift; sourceTree = "<group>"; };
		22192DEF262D8CB30018E7B7 /* VTZoneDynamicPageViewController.swift */ = {isa = PBXFileReference; lastKnownFileType = sourcecode.swift; path = VTZoneDynamicPageViewController.swift; sourceTree = "<group>"; };
		22192DF2262D8CC20018E7B7 /* VTChatPageViewController.swift */ = {isa = PBXFileReference; lastKnownFileType = sourcecode.swift; path = VTChatPageViewController.swift; sourceTree = "<group>"; };
		22192DF5262D8CD00018E7B7 /* VTMinePageViewController.swift */ = {isa = PBXFileReference; lastKnownFileType = sourcecode.swift; path = VTMinePageViewController.swift; sourceTree = "<group>"; };
		22192DF9262D8D160018E7B7 /* VTTabbarViewController.swift */ = {isa = PBXFileReference; lastKnownFileType = sourcecode.swift; path = VTTabbarViewController.swift; sourceTree = "<group>"; };
		22192DFF262D92800018E7B7 /* SVGResBundle.bundle */ = {isa = PBXFileReference; lastKnownFileType = "wrapper.plug-in"; path = SVGResBundle.bundle; sourceTree = "<group>"; };
		221CF1AE26462B6700593DF4 /* UIImage+SVGManager.m */ = {isa = PBXFileReference; fileEncoding = 4; lastKnownFileType = sourcecode.c.objc; path = "UIImage+SVGManager.m"; sourceTree = "<group>"; };
		221CF1AF26462B6700593DF4 /* UIImage+SVGManager.h */ = {isa = PBXFileReference; fileEncoding = 4; lastKnownFileType = sourcecode.c.h; path = "UIImage+SVGManager.h"; sourceTree = "<group>"; };
		221CF1B126462B7200593DF4 /* Date.swift */ = {isa = PBXFileReference; fileEncoding = 4; lastKnownFileType = sourcecode.swift; path = Date.swift; sourceTree = "<group>"; };
		221CF1B226462B7200593DF4 /* TopController.swift */ = {isa = PBXFileReference; fileEncoding = 4; lastKnownFileType = sourcecode.swift; path = TopController.swift; sourceTree = "<group>"; };
		221CF1B726462C1D00593DF4 /* VTBaseAlertViewController.swift */ = {isa = PBXFileReference; fileEncoding = 4; lastKnownFileType = sourcecode.swift; path = VTBaseAlertViewController.swift; sourceTree = "<group>"; };
		221CF1BA26462C4C00593DF4 /* FontFile.swift */ = {isa = PBXFileReference; fileEncoding = 4; lastKnownFileType = sourcecode.swift; path = FontFile.swift; sourceTree = "<group>"; };
		221CF1BB26462C4C00593DF4 /* MinSpaceFile.swift */ = {isa = PBXFileReference; fileEncoding = 4; lastKnownFileType = sourcecode.swift; path = MinSpaceFile.swift; sourceTree = "<group>"; };
		221CF1C026462C7300593DF4 /* VTImageViewController.swift */ = {isa = PBXFileReference; fileEncoding = 4; lastKnownFileType = sourcecode.swift; path = VTImageViewController.swift; sourceTree = "<group>"; };
		221CF1C426462CDD00593DF4 /* HS Alhandsi W23 Regular.ttf */ = {isa = PBXFileReference; lastKnownFileType = file; path = "HS Alhandsi W23 Regular.ttf"; sourceTree = "<group>"; };
		221CF1C526462CDD00593DF4 /* YSHaoShenTi-2.ttf */ = {isa = PBXFileReference; lastKnownFileType = file; path = "YSHaoShenTi-2.ttf"; sourceTree = "<group>"; };
		221CF1C626462CDD00593DF4 /* ResourceHanRoundedCN-Medium.ttf */ = {isa = PBXFileReference; lastKnownFileType = file; path = "ResourceHanRoundedCN-Medium.ttf"; sourceTree = "<group>"; };
		221CF1C726462CDD00593DF4 /* Futura-Medium-6.ttf */ = {isa = PBXFileReference; lastKnownFileType = file; path = "Futura-Medium-6.ttf"; sourceTree = "<group>"; };
		221CF1CD26462D9700593DF4 /* ImageRes.xcassets */ = {isa = PBXFileReference; lastKnownFileType = folder.assetcatalog; path = ImageRes.xcassets; sourceTree = "<group>"; };
		221CF1D026462FA900593DF4 /* zh-Hans */ = {isa = PBXFileReference; lastKnownFileType = text.plist.strings; name = "zh-Hans"; path = "zh-Hans.lproj/LaunchScreen.strings"; sourceTree = "<group>"; };
		221D0A5C2632706C009F53DA /* VTBaseNavViewController.swift */ = {isa = PBXFileReference; lastKnownFileType = sourcecode.swift; path = VTBaseNavViewController.swift; sourceTree = "<group>"; };
		221D0BBF2632A8CF009F53DA /* ColorFile.swift */ = {isa = PBXFileReference; lastKnownFileType = sourcecode.swift; path = ColorFile.swift; sourceTree = "<group>"; };
		221D0BC22632AEF4009F53DA /* BundlePathFile.swift */ = {isa = PBXFileReference; lastKnownFileType = sourcecode.swift; path = BundlePathFile.swift; sourceTree = "<group>"; };
		221D0BE726351076009F53DA /* VTMainViewModel.swift */ = {isa = PBXFileReference; lastKnownFileType = sourcecode.swift; path = VTMainViewModel.swift; sourceTree = "<group>"; };
		221D0BEA263514CE009F53DA /* UserDefaultsKeyFile.swift */ = {isa = PBXFileReference; lastKnownFileType = sourcecode.swift; path = UserDefaultsKeyFile.swift; sourceTree = "<group>"; };
		221D0C0F263520C2009F53DA /* VTHudTool.swift */ = {isa = PBXFileReference; lastKnownFileType = sourcecode.swift; path = VTHudTool.swift; sourceTree = "<group>"; };
		221D0C3A2635221D009F53DA /* SwiftProgressHUD.swift */ = {isa = PBXFileReference; fileEncoding = 4; lastKnownFileType = sourcecode.swift; path = SwiftProgressHUD.swift; sourceTree = "<group>"; };
		221D0C3E26354355009F53DA /* VTUserInfoCache.swift */ = {isa = PBXFileReference; lastKnownFileType = sourcecode.swift; path = VTUserInfoCache.swift; sourceTree = "<group>"; };
		221D0C4126354A18009F53DA /* VTGlobalStatusModel.swift */ = {isa = PBXFileReference; lastKnownFileType = sourcecode.swift; path = VTGlobalStatusModel.swift; sourceTree = "<group>"; };
		221D0C472637F7D9009F53DA /* VoiceTalk.entitlements */ = {isa = PBXFileReference; lastKnownFileType = text.plist.entitlements; path = VoiceTalk.entitlements; sourceTree = "<group>"; };
		222F7A0626491061004FB29A /* LanguageTool.swift */ = {isa = PBXFileReference; fileEncoding = 4; lastKnownFileType = sourcecode.swift; path = LanguageTool.swift; sourceTree = "<group>"; };
		222F7A1426491111004FB29A /* en */ = {isa = PBXFileReference; lastKnownFileType = text.plist.strings; name = en; path = en.lproj/Localizable.strings; sourceTree = "<group>"; };
		222F7A172649111A004FB29A /* zh-Hans */ = {isa = PBXFileReference; lastKnownFileType = text.plist.strings; name = "zh-Hans"; path = "zh-Hans.lproj/Localizable.strings"; sourceTree = "<group>"; };
		222F7A2B26493924004FB29A /* VersionAPI.swift */ = {isa = PBXFileReference; lastKnownFileType = sourcecode.swift; path = VersionAPI.swift; sourceTree = "<group>"; };
		222F7A30264940D3004FB29A /* DeviceInfoFile.swift */ = {isa = PBXFileReference; lastKnownFileType = sourcecode.swift; path = DeviceInfoFile.swift; sourceTree = "<group>"; };
		222F7A33264A1EA8004FB29A /* MapExtension.swift */ = {isa = PBXFileReference; lastKnownFileType = sourcecode.swift; path = MapExtension.swift; sourceTree = "<group>"; };
		222F7A3D264A3793004FB29A /* VTVersionModel.swift */ = {isa = PBXFileReference; lastKnownFileType = sourcecode.swift; path = VTVersionModel.swift; sourceTree = "<group>"; };
		222F7A46264A66E5004FB29A /* VTVersionViewController.swift */ = {isa = PBXFileReference; lastKnownFileType = sourcecode.swift; path = VTVersionViewController.swift; sourceTree = "<group>"; };
		225F4E3A26286635004FB177 /* VTBaseModel.swift */ = {isa = PBXFileReference; lastKnownFileType = sourcecode.swift; path = VTBaseModel.swift; sourceTree = "<group>"; };
		225F4E3C26286C7C004FB177 /* SwiftLibFile.swift */ = {isa = PBXFileReference; lastKnownFileType = sourcecode.swift; path = SwiftLibFile.swift; sourceTree = "<group>"; };
		227DD49B2627DD9A006C8377 /* VoiceTalk-Bridging-Header.h */ = {isa = PBXFileReference; lastKnownFileType = sourcecode.c.h; path = "VoiceTalk-Bridging-Header.h"; sourceTree = "<group>"; };
		227DD4A32627E402006C8377 /* VTMainViewController.swift */ = {isa = PBXFileReference; lastKnownFileType = sourcecode.swift; path = VTMainViewController.swift; sourceTree = "<group>"; };
		227DD4A62627E78B006C8377 /* VTBaseUserInfoModel.swift */ = {isa = PBXFileReference; lastKnownFileType = sourcecode.swift; path = VTBaseUserInfoModel.swift; sourceTree = "<group>"; };
		FE0FBD641A917A87465F7D4E /* Pods-VoiceTalk.debug.xcconfig */ = {isa = PBXFileReference; includeInIndex = 1; lastKnownFileType = text.xcconfig; name = "Pods-VoiceTalk.debug.xcconfig"; path = "Target Support Files/Pods-VoiceTalk/Pods-VoiceTalk.debug.xcconfig"; sourceTree = "<group>"; };
/* End PBXFileReference section */

/* Begin PBXFrameworksBuildPhase section */
		22079C212623E6270039C406 /* Frameworks */ = {
			isa = PBXFrameworksBuildPhase;
			buildActionMask = 2147483647;
			files = (
				2C897C4E7391D58180909938 /* Pods_VoiceTalk.framework in Frameworks */,
			);
			runOnlyForDeploymentPostprocessing = 0;
		};
/* End PBXFrameworksBuildPhase section */

/* Begin PBXGroup section */
		22079C1B2623E6270039C406 = {
			isa = PBXGroup;
			children = (
				22079C262623E6270039C406 /* VoiceTalk */,
				22079C252623E6270039C406 /* Products */,
				2A00A0A0BC910AC7B9BF762F /* Pods */,
				A88A706C2663FA5BA127C91C /* Frameworks */,
			);
			sourceTree = "<group>";
		};
		22079C252623E6270039C406 /* Products */ = {
			isa = PBXGroup;
			children = (
				22079C242623E6270039C406 /* VoiceTalk.app */,
			);
			name = Products;
			sourceTree = "<group>";
		};
		22079C262623E6270039C406 /* VoiceTalk */ = {
			isa = PBXGroup;
			children = (
				221D0C472637F7D9009F53DA /* VoiceTalk.entitlements */,
				227DD494262723ED006C8377 /* Resource */,
				227DD493262723E1006C8377 /* SupportFiles */,
				22079C402623EA130039C406 /* Classes */,
				22079C3B2623E9BE0039C406 /* AppDelegate */,
			);
			path = VoiceTalk;
			sourceTree = "<group>";
		};
		22079C3B2623E9BE0039C406 /* AppDelegate */ = {
			isa = PBXGroup;
			children = (
				22079C272623E6270039C406 /* AppDelegate.swift */,
			);
			path = AppDelegate;
			sourceTree = "<group>";
		};
		22079C3C2623E9D50039C406 /* Base */ = {
			isa = PBXGroup;
			children = (
				221D0A5B2632703D009F53DA /* BaseNav */,
				22192DF8262D8CE60018E7B7 /* TabbarVC */,
				227DD4A52627E76C006C8377 /* BaseModel */,
				227DD4A12627E3CB006C8377 /* MainViewController */,
				22079C3D2623E9DF0039C406 /* BaseViewController */,
			);
			path = Base;
			sourceTree = "<group>";
		};
		22079C3D2623E9DF0039C406 /* BaseViewController */ = {
			isa = PBXGroup;
			children = (
				221CF1B726462C1D00593DF4 /* VTBaseAlertViewController.swift */,
				22079C3E2623EA050039C406 /* VTBaseViewController.swift */,
			);
			path = BaseViewController;
			sourceTree = "<group>";
		};
		22079C402623EA130039C406 /* Classes */ = {
			isa = PBXGroup;
			children = (
				227DD4992627248B006C8377 /* Vender */,
				227DD49826272484006C8377 /* Tool */,
				227DD4972627247E006C8377 /* Other */,
				227DD49626272472006C8377 /* Modules */,
				227DD49526272466006C8377 /* Category */,
				22079C3C2623E9D50039C406 /* Base */,
				22079C412623EA200039C406 /* Macro */,
			);
			path = Classes;
			sourceTree = "<group>";
		};
		22079C412623EA200039C406 /* Macro */ = {
			isa = PBXGroup;
			children = (
				221CF1BA26462C4C00593DF4 /* FontFile.swift */,
				221CF1BB26462C4C00593DF4 /* MinSpaceFile.swift */,
				225F4E3C26286C7C004FB177 /* SwiftLibFile.swift */,
				22142C822629317900C3499C /* MacroFile.swift */,
				22142C84262961F000C3499C /* ServiceInterviceFile.swift */,
				22142C86262963CA00C3499C /* ServiceAddressFile.swift */,
				221D0BBF2632A8CF009F53DA /* ColorFile.swift */,
				221D0BC22632AEF4009F53DA /* BundlePathFile.swift */,
				221D0BEA263514CE009F53DA /* UserDefaultsKeyFile.swift */,
				222F7A30264940D3004FB29A /* DeviceInfoFile.swift */,
			);
			path = Macro;
			sourceTree = "<group>";
		};
		22142C43262876A700C3499C /* RazzleDazzle */ = {
			isa = PBXGroup;
			children = (
				22142C44262876A700C3499C /* LICENSE */,
				22142C45262876A700C3499C /* Source */,
				22142C60262876A700C3499C /* README.md */,
			);
			path = RazzleDazzle;
			sourceTree = "<group>";
		};
		22142C45262876A700C3499C /* Source */ = {
			isa = PBXGroup;
			children = (
				22142C46262876A700C3499C /* PathPositionAnimation.swift */,
				22142C47262876A700C3499C /* RazzleDazzle.h */,
				22142C48262876A700C3499C /* EasingFunction.swift */,
				22142C49262876A700C3499C /* CubicBezier.swift */,
				22142C4A262876A700C3499C /* RotationAnimation.swift */,
				22142C4B262876A700C3499C /* ConstraintConstantAnimation.swift */,
				22142C4C262876A700C3499C /* AnimatedPagingScrollViewController.swift */,
				22142C4D262876A700C3499C /* BackgroundColorAnimation.swift */,
				22142C4E262876A700C3499C /* ScrollViewPageConstraintAnimation.swift */,
				22142C4F262876A700C3499C /* Animation.swift */,
				22142C50262876A700C3499C /* LayerStrokeStartAnimation.swift */,
				22142C51262876A700C3499C /* LayerFillColorAnimation.swift */,
				22142C52262876A700C3499C /* UIView+Transform.swift */,
				22142C53262876A700C3499C /* Interpolatable.swift */,
				22142C54262876A700C3499C /* LayerStrokeEndAnimation.swift */,
				22142C55262876A700C3499C /* ConstraintMultiplierAnimation.swift */,
				22142C56262876A700C3499C /* LayerStrokeColorAnimation.swift */,
				22142C57262876A700C3499C /* AlphaAnimation.swift */,
				22142C58262876A700C3499C /* Animatable.swift */,
				22142C59262876A700C3499C /* HideAnimation.swift */,
				22142C5A262876A700C3499C /* Animator.swift */,
				22142C5B262876A700C3499C /* LabelTextColorAnimation.swift */,
				22142C5C262876A700C3499C /* TranslationAnimation.swift */,
				22142C5D262876A700C3499C /* Filmstrip.swift */,
				22142C5E262876A700C3499C /* ScaleAnimation.swift */,
				22142C5F262876A700C3499C /* CornerRadiusAnimation.swift */,
			);
			path = Source;
			sourceTree = "<group>";
		};
		22192DE4262D8BF90018E7B7 /* Home */ = {
			isa = PBXGroup;
			children = (
				22192DE8262D8C260018E7B7 /* VC */,
			);
			path = Home;
			sourceTree = "<group>";
		};
		22192DE5262D8C070018E7B7 /* ZoneDynamic */ = {
			isa = PBXGroup;
			children = (
				22192DE9262D8C400018E7B7 /* VC */,
			);
			path = ZoneDynamic;
			sourceTree = "<group>";
		};
		22192DE6262D8C180018E7B7 /* Chat */ = {
			isa = PBXGroup;
			children = (
				22192DEA262D8C450018E7B7 /* VC */,
			);
			path = Chat;
			sourceTree = "<group>";
		};
		22192DE7262D8C1F0018E7B7 /* Mine */ = {
			isa = PBXGroup;
			children = (
				22192DEB262D8C4B0018E7B7 /* VC */,
			);
			path = Mine;
			sourceTree = "<group>";
		};
		22192DE8262D8C260018E7B7 /* VC */ = {
			isa = PBXGroup;
			children = (
				22192DEC262D8C8F0018E7B7 /* VTHomePageViewController.swift */,
			);
			path = VC;
			sourceTree = "<group>";
		};
		22192DE9262D8C400018E7B7 /* VC */ = {
			isa = PBXGroup;
			children = (
				22192DEF262D8CB30018E7B7 /* VTZoneDynamicPageViewController.swift */,
			);
			path = VC;
			sourceTree = "<group>";
		};
		22192DEA262D8C450018E7B7 /* VC */ = {
			isa = PBXGroup;
			children = (
				22192DF2262D8CC20018E7B7 /* VTChatPageViewController.swift */,
			);
			path = VC;
			sourceTree = "<group>";
		};
		22192DEB262D8C4B0018E7B7 /* VC */ = {
			isa = PBXGroup;
			children = (
				22192DF5262D8CD00018E7B7 /* VTMinePageViewController.swift */,
			);
			path = VC;
			sourceTree = "<group>";
		};
		22192DF8262D8CE60018E7B7 /* TabbarVC */ = {
			isa = PBXGroup;
			children = (
				22192DF9262D8D160018E7B7 /* VTTabbarViewController.swift */,
			);
			path = TabbarVC;
			sourceTree = "<group>";
		};
		221CF1AD26462B6700593DF4 /* OC */ = {
			isa = PBXGroup;
			children = (
				221CF1AE26462B6700593DF4 /* UIImage+SVGManager.m */,
				221CF1AF26462B6700593DF4 /* UIImage+SVGManager.h */,
			);
			path = OC;
			sourceTree = "<group>";
		};
		221CF1B026462B7200593DF4 /* Swift */ = {
			isa = PBXGroup;
			children = (
				221CF1B126462B7200593DF4 /* Date.swift */,
				221CF1B226462B7200593DF4 /* TopController.swift */,
				222F7A33264A1EA8004FB29A /* MapExtension.swift */,
			);
			path = Swift;
			sourceTree = "<group>";
		};
		221CF1BF26462C7300593DF4 /* Alert */ = {
			isa = PBXGroup;
			children = (
				221CF1C026462C7300593DF4 /* VTImageViewController.swift */,
				222F7A46264A66E5004FB29A /* VTVersionViewController.swift */,
			);
			path = Alert;
			sourceTree = "<group>";
		};
		221CF1C326462CDC00593DF4 /* Fonts */ = {
			isa = PBXGroup;
			children = (
				221CF1C426462CDD00593DF4 /* HS Alhandsi W23 Regular.ttf */,
				221CF1C526462CDD00593DF4 /* YSHaoShenTi-2.ttf */,
				221CF1C626462CDD00593DF4 /* ResourceHanRoundedCN-Medium.ttf */,
				221CF1C726462CDD00593DF4 /* Futura-Medium-6.ttf */,
			);
			path = Fonts;
			sourceTree = "<group>";
		};
		221D0A5B2632703D009F53DA /* BaseNav */ = {
			isa = PBXGroup;
			children = (
				221D0A5C2632706C009F53DA /* VTBaseNavViewController.swift */,
			);
			path = BaseNav;
			sourceTree = "<group>";
		};
		221D0BE626351054009F53DA /* VM */ = {
			isa = PBXGroup;
			children = (
				221D0BE726351076009F53DA /* VTMainViewModel.swift */,
			);
			path = VM;
			sourceTree = "<group>";
		};
		221D0C0E263520AD009F53DA /* Hud */ = {
			isa = PBXGroup;
			children = (
				221D0C0F263520C2009F53DA /* VTHudTool.swift */,
			);
			path = Hud;
			sourceTree = "<group>";
		};
		221D0C3926352201009F53DA /* SwiftProgressHUD */ = {
			isa = PBXGroup;
			children = (
				221D0C3A2635221D009F53DA /* SwiftProgressHUD.swift */,
			);
			path = SwiftProgressHUD;
			sourceTree = "<group>";
		};
		221D0C3D2635433C009F53DA /* Cache */ = {
			isa = PBXGroup;
			children = (
				221D0C3E26354355009F53DA /* VTUserInfoCache.swift */,
			);
			path = Cache;
			sourceTree = "<group>";
		};
		222F79F026490E1F004FB29A /* Language */ = {
			isa = PBXGroup;
			children = (
				222F7A1326491111004FB29A /* Localizable.strings */,
				222F7A0626491061004FB29A /* LanguageTool.swift */,
			);
			path = Language;
			sourceTree = "<group>";
		};
		222F7A1926493375004FB29A /* Login */ = {
			isa = PBXGroup;
			children = (
				222F7A1C26493395004FB29A /* ThirdLogin */,
				222F7A1B26493389004FB29A /* PwdLogin */,
				222F7A1A26493380004FB29A /* PhoneLogin */,
			);
			path = Login;
			sourceTree = "<group>";
		};
		222F7A1A26493380004FB29A /* PhoneLogin */ = {
			isa = PBXGroup;
			children = (
				222F7A1F264933D7004FB29A /* Model */,
				222F7A20264933D7004FB29A /* VC */,
				222F7A1E264933D7004FB29A /* View */,
				222F7A1D264933D7004FB29A /* VM */,
			);
			path = PhoneLogin;
			sourceTree = "<group>";
		};
		222F7A1B26493389004FB29A /* PwdLogin */ = {
			isa = PBXGroup;
			children = (
				222F7A24264933DE004FB29A /* Model */,
				222F7A23264933DE004FB29A /* VC */,
				222F7A21264933DE004FB29A /* View */,
				222F7A22264933DE004FB29A /* VM */,
			);
			path = PwdLogin;
			sourceTree = "<group>";
		};
		222F7A1C26493395004FB29A /* ThirdLogin */ = {
			isa = PBXGroup;
			children = (
				222F7A27264933E5004FB29A /* Model */,
				222F7A28264933E5004FB29A /* VC */,
				222F7A26264933E5004FB29A /* View */,
				222F7A25264933E5004FB29A /* VM */,
			);
			path = ThirdLogin;
			sourceTree = "<group>";
		};
		222F7A1D264933D7004FB29A /* VM */ = {
			isa = PBXGroup;
			children = (
			);
			path = VM;
			sourceTree = "<group>";
		};
		222F7A1E264933D7004FB29A /* View */ = {
			isa = PBXGroup;
			children = (
			);
			path = View;
			sourceTree = "<group>";
		};
		222F7A1F264933D7004FB29A /* Model */ = {
			isa = PBXGroup;
			children = (
			);
			path = Model;
			sourceTree = "<group>";
		};
		222F7A20264933D7004FB29A /* VC */ = {
			isa = PBXGroup;
			children = (
			);
			path = VC;
			sourceTree = "<group>";
		};
		222F7A21264933DE004FB29A /* View */ = {
			isa = PBXGroup;
			children = (
			);
			path = View;
			sourceTree = "<group>";
		};
		222F7A22264933DE004FB29A /* VM */ = {
			isa = PBXGroup;
			children = (
			);
			path = VM;
			sourceTree = "<group>";
		};
		222F7A23264933DE004FB29A /* VC */ = {
			isa = PBXGroup;
			children = (
			);
			path = VC;
			sourceTree = "<group>";
		};
		222F7A24264933DE004FB29A /* Model */ = {
			isa = PBXGroup;
			children = (
			);
			path = Model;
			sourceTree = "<group>";
		};
		222F7A25264933E5004FB29A /* VM */ = {
			isa = PBXGroup;
			children = (
			);
			path = VM;
			sourceTree = "<group>";
		};
		222F7A26264933E5004FB29A /* View */ = {
			isa = PBXGroup;
			children = (
			);
			path = View;
			sourceTree = "<group>";
		};
		222F7A27264933E5004FB29A /* Model */ = {
			isa = PBXGroup;
			children = (
			);
			path = Model;
			sourceTree = "<group>";
		};
		222F7A28264933E5004FB29A /* VC */ = {
			isa = PBXGroup;
			children = (
			);
			path = VC;
			sourceTree = "<group>";
		};
		222F7A2A264938F3004FB29A /* Net */ = {
			isa = PBXGroup;
			children = (
				222F7A2B26493924004FB29A /* VersionAPI.swift */,
			);
			path = Net;
			sourceTree = "<group>";
		};
		222F7A3C264A3749004FB29A /* Model */ = {
			isa = PBXGroup;
			children = (
				222F7A3D264A3793004FB29A /* VTVersionModel.swift */,
			);
			path = Model;
			sourceTree = "<group>";
		};
		227DD493262723E1006C8377 /* SupportFiles */ = {
			isa = PBXGroup;
			children = (
				227DD49B2627DD9A006C8377 /* VoiceTalk-Bridging-Header.h */,
				22079C322623E62A0039C406 /* LaunchScreen.storyboard */,
				22079C352623E62A0039C406 /* Info.plist */,
			);
			path = SupportFiles;
			sourceTree = "<group>";
		};
		227DD494262723ED006C8377 /* Resource */ = {
			isa = PBXGroup;
			children = (
				221CF1CD26462D9700593DF4 /* ImageRes.xcassets */,
				221CF1C326462CDC00593DF4 /* Fonts */,
				22079C302623E62A0039C406 /* Assets.xcassets */,
				22142C7E26292F9A00C3499C /* GuideRes.xcassets */,
				22192DFF262D92800018E7B7 /* SVGResBundle.bundle */,
			);
			path = Resource;
			sourceTree = "<group>";
		};
		227DD49526272466006C8377 /* Category */ = {
			isa = PBXGroup;
			children = (
				221CF1AD26462B6700593DF4 /* OC */,
				221CF1B026462B7200593DF4 /* Swift */,
			);
			path = Category;
			sourceTree = "<group>";
		};
		227DD49626272472006C8377 /* Modules */ = {
			isa = PBXGroup;
			children = (
				222F7A1926493375004FB29A /* Login */,
				22192DE7262D8C1F0018E7B7 /* Mine */,
				22192DE6262D8C180018E7B7 /* Chat */,
				22192DE5262D8C070018E7B7 /* ZoneDynamic */,
				22192DE4262D8BF90018E7B7 /* Home */,
			);
			path = Modules;
			sourceTree = "<group>";
		};
		227DD4972627247E006C8377 /* Other */ = {
			isa = PBXGroup;
			children = (
				222F79F026490E1F004FB29A /* Language */,
			);
			path = Other;
			sourceTree = "<group>";
		};
		227DD49826272484006C8377 /* Tool */ = {
			isa = PBXGroup;
			children = (
				221CF1BF26462C7300593DF4 /* Alert */,
				221D0C3D2635433C009F53DA /* Cache */,
				221D0C0E263520AD009F53DA /* Hud */,
			);
			path = Tool;
			sourceTree = "<group>";
		};
		227DD4992627248B006C8377 /* Vender */ = {
			isa = PBXGroup;
			children = (
				221D0C3926352201009F53DA /* SwiftProgressHUD */,
				22142C43262876A700C3499C /* RazzleDazzle */,
			);
			path = Vender;
			sourceTree = "<group>";
		};
		227DD4A12627E3CB006C8377 /* MainViewController */ = {
			isa = PBXGroup;
			children = (
				222F7A3C264A3749004FB29A /* Model */,
				222F7A2A264938F3004FB29A /* Net */,
				221D0BE626351054009F53DA /* VM */,
				227DD4A22627E3DC006C8377 /* VC */,
			);
			path = MainViewController;
			sourceTree = "<group>";
		};
		227DD4A22627E3DC006C8377 /* VC */ = {
			isa = PBXGroup;
			children = (
				227DD4A32627E402006C8377 /* VTMainViewController.swift */,
				22142C7C26292DE800C3499C /* AppGuideAnimationViewController.swift */,
			);
			path = VC;
			sourceTree = "<group>";
		};
		227DD4A52627E76C006C8377 /* BaseModel */ = {
			isa = PBXGroup;
			children = (
				227DD4A62627E78B006C8377 /* VTBaseUserInfoModel.swift */,
				225F4E3A26286635004FB177 /* VTBaseModel.swift */,
				22142C802629306B00C3499C /* VTBaseViewModel.swift */,
				221D0C4126354A18009F53DA /* VTGlobalStatusModel.swift */,
			);
			path = BaseModel;
			sourceTree = "<group>";
		};
		2A00A0A0BC910AC7B9BF762F /* Pods */ = {
			isa = PBXGroup;
			children = (
				FE0FBD641A917A87465F7D4E /* Pods-VoiceTalk.debug.xcconfig */,
				11AA85BBDED262AAED693305 /* Pods-VoiceTalk.release.xcconfig */,
			);
			path = Pods;
			sourceTree = "<group>";
		};
		A88A706C2663FA5BA127C91C /* Frameworks */ = {
			isa = PBXGroup;
			children = (
				21FFA416FF0B0A4CC58F41A1 /* Pods_VoiceTalk.framework */,
			);
			name = Frameworks;
			sourceTree = "<group>";
		};
/* End PBXGroup section */

/* Begin PBXNativeTarget section */
		22079C232623E6270039C406 /* VoiceTalk */ = {
			isa = PBXNativeTarget;
			buildConfigurationList = 22079C382623E62A0039C406 /* Build configuration list for PBXNativeTarget "VoiceTalk" */;
			buildPhases = (
				C11E3D9E80D15A4E51FF18DA /* [CP] Check Pods Manifest.lock */,
				22079C202623E6270039C406 /* Sources */,
				22079C212623E6270039C406 /* Frameworks */,
				22079C222623E6270039C406 /* Resources */,
				D69E7DFCDC32183A20314189 /* [CP] Embed Pods Frameworks */,
			);
			buildRules = (
			);
			dependencies = (
			);
			name = VoiceTalk;
			productName = VoiceTalk;
			productReference = 22079C242623E6270039C406 /* VoiceTalk.app */;
			productType = "com.apple.product-type.application";
		};
/* End PBXNativeTarget section */

/* Begin PBXProject section */
		22079C1C2623E6270039C406 /* Project object */ = {
			isa = PBXProject;
			attributes = {
				LastSwiftUpdateCheck = 1170;
				LastUpgradeCheck = 1170;
				ORGANIZATIONNAME = macos;
				TargetAttributes = {
					22079C232623E6270039C406 = {
						CreatedOnToolsVersion = 11.7;
						LastSwiftMigration = 1170;
					};
				};
			};
			buildConfigurationList = 22079C1F2623E6270039C406 /* Build configuration list for PBXProject "VoiceTalk" */;
			compatibilityVersion = "Xcode 9.3";
			developmentRegion = en;
			hasScannedForEncodings = 0;
			knownRegions = (
				en,
				Base,
				"zh-Hans",
			);
			mainGroup = 22079C1B2623E6270039C406;
			productRefGroup = 22079C252623E6270039C406 /* Products */;
			projectDirPath = "";
			projectRoot = "";
			targets = (
				22079C232623E6270039C406 /* VoiceTalk */,
			);
		};
/* End PBXProject section */

/* Begin PBXResourcesBuildPhase section */
		22079C222623E6270039C406 /* Resources */ = {
			isa = PBXResourcesBuildPhase;
			buildActionMask = 2147483647;
			files = (
				22142C61262876A700C3499C /* LICENSE in Resources */,
				222F7A1526491111004FB29A /* Localizable.strings in Resources */,
				22192E00262D92800018E7B7 /* SVGResBundle.bundle in Resources */,
				22079C342623E62A0039C406 /* LaunchScreen.storyboard in Resources */,
				221CF1C926462CDD00593DF4 /* YSHaoShenTi-2.ttf in Resources */,
				22142C7B262876A700C3499C /* README.md in Resources */,
				221CF1CB26462CDD00593DF4 /* Futura-Medium-6.ttf in Resources */,
				22079C312623E62A0039C406 /* Assets.xcassets in Resources */,
				221CF1C826462CDD00593DF4 /* HS Alhandsi W23 Regular.ttf in Resources */,
				221CF1CE26462D9700593DF4 /* ImageRes.xcassets in Resources */,
				22142C7F26292F9A00C3499C /* GuideRes.xcassets in Resources */,
				221CF1CA26462CDD00593DF4 /* ResourceHanRoundedCN-Medium.ttf in Resources */,
			);
			runOnlyForDeploymentPostprocessing = 0;
		};
/* End PBXResourcesBuildPhase section */

/* Begin PBXShellScriptBuildPhase section */
		C11E3D9E80D15A4E51FF18DA /* [CP] Check Pods Manifest.lock */ = {
			isa = PBXShellScriptBuildPhase;
			buildActionMask = 2147483647;
			files = (
			);
			inputFileListPaths = (
			);
			inputPaths = (
				"${PODS_PODFILE_DIR_PATH}/Podfile.lock",
				"${PODS_ROOT}/Manifest.lock",
			);
			name = "[CP] Check Pods Manifest.lock";
			outputFileListPaths = (
			);
			outputPaths = (
				"$(DERIVED_FILE_DIR)/Pods-VoiceTalk-checkManifestLockResult.txt",
			);
			runOnlyForDeploymentPostprocessing = 0;
			shellPath = /bin/sh;
			shellScript = "diff \"${PODS_PODFILE_DIR_PATH}/Podfile.lock\" \"${PODS_ROOT}/Manifest.lock\" > /dev/null\nif [ $? != 0 ] ; then\n    # print error to STDERR\n    echo \"error: The sandbox is not in sync with the Podfile.lock. Run 'pod install' or update your CocoaPods installation.\" >&2\n    exit 1\nfi\n# This output is used by Xcode 'outputs' to avoid re-running this script phase.\necho \"SUCCESS\" > \"${SCRIPT_OUTPUT_FILE_0}\"\n";
			showEnvVarsInLog = 0;
		};
		D69E7DFCDC32183A20314189 /* [CP] Embed Pods Frameworks */ = {
			isa = PBXShellScriptBuildPhase;
			buildActionMask = 2147483647;
			files = (
			);
			inputFileListPaths = (
				"${PODS_ROOT}/Target Support Files/Pods-VoiceTalk/Pods-VoiceTalk-frameworks-${CONFIGURATION}-input-files.xcfilelist",
			);
			name = "[CP] Embed Pods Frameworks";
			outputFileListPaths = (
				"${PODS_ROOT}/Target Support Files/Pods-VoiceTalk/Pods-VoiceTalk-frameworks-${CONFIGURATION}-output-files.xcfilelist",
			);
			runOnlyForDeploymentPostprocessing = 0;
			shellPath = /bin/sh;
			shellScript = "\"${PODS_ROOT}/Target Support Files/Pods-VoiceTalk/Pods-VoiceTalk-frameworks.sh\"\n";
			showEnvVarsInLog = 0;
		};
/* End PBXShellScriptBuildPhase section */

/* Begin PBXSourcesBuildPhase section */
		22079C202623E6270039C406 /* Sources */ = {
			isa = PBXSourcesBuildPhase;
			buildActionMask = 2147483647;
			files = (
				221CF1B826462C1D00593DF4 /* VTBaseAlertViewController.swift in Sources */,
				22142C62262876A700C3499C /* PathPositionAnimation.swift in Sources */,
				22142C66262876A700C3499C /* ConstraintConstantAnimation.swift in Sources */,
				225F4E3B26286635004FB177 /* VTBaseModel.swift in Sources */,
				221D0C10263520C2009F53DA /* VTHudTool.swift in Sources */,
				22079C282623E6270039C406 /* AppDelegate.swift in Sources */,
				22079C3F2623EA050039C406 /* VTBaseViewController.swift in Sources */,
				22142C79262876A700C3499C /* ScaleAnimation.swift in Sources */,
				22142C72262876A700C3499C /* AlphaAnimation.swift in Sources */,
				221CF1B526462B7300593DF4 /* TopController.swift in Sources */,
				221CF1B326462B7300593DF4 /* UIImage+SVGManager.m in Sources */,
				22142C7D26292DE800C3499C /* AppGuideAnimationViewController.swift in Sources */,
				22142C7A262876A700C3499C /* CornerRadiusAnimation.swift in Sources */,
				221CF1B426462B7300593DF4 /* Date.swift in Sources */,
				222F7A2C26493924004FB29A /* VersionAPI.swift in Sources */,
				222F7A31264940D3004FB29A /* DeviceInfoFile.swift in Sources */,
				221D0C3B2635221E009F53DA /* SwiftProgressHUD.swift in Sources */,
				22142C6D262876A700C3499C /* UIView+Transform.swift in Sources */,
				22192DED262D8C8F0018E7B7 /* VTHomePageViewController.swift in Sources */,
				221CF1C126462C7300593DF4 /* VTImageViewController.swift in Sources */,
				22142C68262876A700C3499C /* BackgroundColorAnimation.swift in Sources */,
				221D0A5D2632706C009F53DA /* VTBaseNavViewController.swift in Sources */,
				22142C73262876A700C3499C /* Animatable.swift in Sources */,
				22142C69262876A700C3499C /* ScrollViewPageConstraintAnimation.swift in Sources */,
				221CF1BD26462C4C00593DF4 /* MinSpaceFile.swift in Sources */,
				22142C71262876A700C3499C /* LayerStrokeColorAnimation.swift in Sources */,
				222F7A3E264A3793004FB29A /* VTVersionModel.swift in Sources */,
				22142C6E262876A700C3499C /* Interpolatable.swift in Sources */,
				22142C70262876A700C3499C /* ConstraintMultiplierAnimation.swift in Sources */,
				22142C74262876A700C3499C /* HideAnimation.swift in Sources */,
				22142C75262876A700C3499C /* Animator.swift in Sources */,
				22142C87262963CA00C3499C /* ServiceAddressFile.swift in Sources */,
				222F7A47264A66E5004FB29A /* VTVersionViewController.swift in Sources */,
				22142C64262876A700C3499C /* CubicBezier.swift in Sources */,
				222F7A34264A1EA8004FB29A /* MapExtension.swift in Sources */,
				227DD4A42627E402006C8377 /* VTMainViewController.swift in Sources */,
				22192DF3262D8CC20018E7B7 /* VTChatPageViewController.swift in Sources */,
				22142C6A262876A700C3499C /* Animation.swift in Sources */,
				22142C63262876A700C3499C /* EasingFunction.swift in Sources */,
				221D0C3F26354355009F53DA /* VTUserInfoCache.swift in Sources */,
				221D0BEB263514CE009F53DA /* UserDefaultsKeyFile.swift in Sources */,
				22142C78262876A700C3499C /* Filmstrip.swift in Sources */,
				22142C76262876A700C3499C /* LabelTextColorAnimation.swift in Sources */,
				22142C6B262876A700C3499C /* LayerStrokeStartAnimation.swift in Sources */,
				22142C6C262876A700C3499C /* LayerFillColorAnimation.swift in Sources */,
				22192DFA262D8D160018E7B7 /* VTTabbarViewController.swift in Sources */,
				22142C85262961F000C3499C /* ServiceInterviceFile.swift in Sources */,
				221CF1BC26462C4C00593DF4 /* FontFile.swift in Sources */,
				22142C832629317900C3499C /* MacroFile.swift in Sources */,
				22192DF0262D8CB30018E7B7 /* VTZoneDynamicPageViewController.swift in Sources */,
				22192DF6262D8CD00018E7B7 /* VTMinePageViewController.swift in Sources */,
				221D0C4226354A18009F53DA /* VTGlobalStatusModel.swift in Sources */,
				22142C812629306B00C3499C /* VTBaseViewModel.swift in Sources */,
				221D0BC02632A8CF009F53DA /* ColorFile.swift in Sources */,
				22142C65262876A700C3499C /* RotationAnimation.swift in Sources */,
				221D0BC32632AEF4009F53DA /* BundlePathFile.swift in Sources */,
				22142C67262876A700C3499C /* AnimatedPagingScrollViewController.swift in Sources */,
				227DD4A72627E78B006C8377 /* VTBaseUserInfoModel.swift in Sources */,
				22142C6F262876A700C3499C /* LayerStrokeEndAnimation.swift in Sources */,
				22142C77262876A700C3499C /* TranslationAnimation.swift in Sources */,
				225F4E3D26286C7C004FB177 /* SwiftLibFile.swift in Sources */,
				221D0BE826351076009F53DA /* VTMainViewModel.swift in Sources */,
				222F7A0726491061004FB29A /* LanguageTool.swift in Sources */,
			);
			runOnlyForDeploymentPostprocessing = 0;
		};
/* End PBXSourcesBuildPhase section */

/* Begin PBXVariantGroup section */
		22079C322623E62A0039C406 /* LaunchScreen.storyboard */ = {
			isa = PBXVariantGroup;
			children = (
				22079C332623E62A0039C406 /* Base */,
				221CF1D026462FA900593DF4 /* zh-Hans */,
			);
			name = LaunchScreen.storyboard;
			sourceTree = "<group>";
		};
		222F7A1326491111004FB29A /* Localizable.strings */ = {
			isa = PBXVariantGroup;
			children = (
				222F7A1426491111004FB29A /* en */,
				222F7A172649111A004FB29A /* zh-Hans */,
			);
			name = Localizable.strings;
			sourceTree = "<group>";
		};
/* End PBXVariantGroup section */

/* Begin XCBuildConfiguration section */
		22079C362623E62A0039C406 /* Debug */ = {
			isa = XCBuildConfiguration;
			buildSettings = {
				ALWAYS_SEARCH_USER_PATHS = NO;
				CLANG_ANALYZER_LOCALIZABILITY_NONLOCALIZED = YES;
				CLANG_ANALYZER_NONNULL = YES;
				CLANG_ANALYZER_NUMBER_OBJECT_CONVERSION = YES_AGGRESSIVE;
				CLANG_CXX_LANGUAGE_STANDARD = "gnu++14";
				CLANG_CXX_LIBRARY = "libc++";
				CLANG_ENABLE_MODULES = YES;
				CLANG_ENABLE_OBJC_ARC = YES;
				CLANG_ENABLE_OBJC_WEAK = YES;
				CLANG_WARN_BLOCK_CAPTURE_AUTORELEASING = YES;
				CLANG_WARN_BOOL_CONVERSION = YES;
				CLANG_WARN_COMMA = YES;
				CLANG_WARN_CONSTANT_CONVERSION = YES;
				CLANG_WARN_DEPRECATED_OBJC_IMPLEMENTATIONS = YES;
				CLANG_WARN_DIRECT_OBJC_ISA_USAGE = YES_ERROR;
				CLANG_WARN_DOCUMENTATION_COMMENTS = YES;
				CLANG_WARN_EMPTY_BODY = YES;
				CLANG_WARN_ENUM_CONVERSION = YES;
				CLANG_WARN_INFINITE_RECURSION = YES;
				CLANG_WARN_INT_CONVERSION = YES;
				CLANG_WARN_NON_LITERAL_NULL_CONVERSION = YES;
				CLANG_WARN_OBJC_IMPLICIT_RETAIN_SELF = YES;
				CLANG_WARN_OBJC_LITERAL_CONVERSION = YES;
				CLANG_WARN_OBJC_ROOT_CLASS = YES_ERROR;
				CLANG_WARN_RANGE_LOOP_ANALYSIS = YES;
				CLANG_WARN_STRICT_PROTOTYPES = YES;
				CLANG_WARN_SUSPICIOUS_MOVE = YES;
				CLANG_WARN_UNGUARDED_AVAILABILITY = YES_AGGRESSIVE;
				CLANG_WARN_UNREACHABLE_CODE = YES;
				CLANG_WARN__DUPLICATE_METHOD_MATCH = YES;
				COPY_PHASE_STRIP = NO;
				DEBUG_INFORMATION_FORMAT = dwarf;
				ENABLE_STRICT_OBJC_MSGSEND = YES;
				ENABLE_TESTABILITY = YES;
				GCC_C_LANGUAGE_STANDARD = gnu11;
				GCC_DYNAMIC_NO_PIC = NO;
				GCC_NO_COMMON_BLOCKS = YES;
				GCC_OPTIMIZATION_LEVEL = 0;
				GCC_PREPROCESSOR_DEFINITIONS = (
					"DEBUG=1",
					"$(inherited)",
				);
				GCC_WARN_64_TO_32_BIT_CONVERSION = YES;
				GCC_WARN_ABOUT_RETURN_TYPE = YES_ERROR;
				GCC_WARN_UNDECLARED_SELECTOR = YES;
				GCC_WARN_UNINITIALIZED_AUTOS = YES_AGGRESSIVE;
				GCC_WARN_UNUSED_FUNCTION = YES;
				GCC_WARN_UNUSED_VARIABLE = YES;
				IPHONEOS_DEPLOYMENT_TARGET = 13.7;
				MTL_ENABLE_DEBUG_INFO = INCLUDE_SOURCE;
				MTL_FAST_MATH = YES;
				ONLY_ACTIVE_ARCH = YES;
				SDKROOT = iphoneos;
				SWIFT_ACTIVE_COMPILATION_CONDITIONS = DEBUG;
				SWIFT_OPTIMIZATION_LEVEL = "-Onone";
			};
			name = Debug;
		};
		22079C372623E62A0039C406 /* Release */ = {
			isa = XCBuildConfiguration;
			buildSettings = {
				ALWAYS_SEARCH_USER_PATHS = NO;
				CLANG_ANALYZER_LOCALIZABILITY_NONLOCALIZED = YES;
				CLANG_ANALYZER_NONNULL = YES;
				CLANG_ANALYZER_NUMBER_OBJECT_CONVERSION = YES_AGGRESSIVE;
				CLANG_CXX_LANGUAGE_STANDARD = "gnu++14";
				CLANG_CXX_LIBRARY = "libc++";
				CLANG_ENABLE_MODULES = YES;
				CLANG_ENABLE_OBJC_ARC = YES;
				CLANG_ENABLE_OBJC_WEAK = YES;
				CLANG_WARN_BLOCK_CAPTURE_AUTORELEASING = YES;
				CLANG_WARN_BOOL_CONVERSION = YES;
				CLANG_WARN_COMMA = YES;
				CLANG_WARN_CONSTANT_CONVERSION = YES;
				CLANG_WARN_DEPRECATED_OBJC_IMPLEMENTATIONS = YES;
				CLANG_WARN_DIRECT_OBJC_ISA_USAGE = YES_ERROR;
				CLANG_WARN_DOCUMENTATION_COMMENTS = YES;
				CLANG_WARN_EMPTY_BODY = YES;
				CLANG_WARN_ENUM_CONVERSION = YES;
				CLANG_WARN_INFINITE_RECURSION = YES;
				CLANG_WARN_INT_CONVERSION = YES;
				CLANG_WARN_NON_LITERAL_NULL_CONVERSION = YES;
				CLANG_WARN_OBJC_IMPLICIT_RETAIN_SELF = YES;
				CLANG_WARN_OBJC_LITERAL_CONVERSION = YES;
				CLANG_WARN_OBJC_ROOT_CLASS = YES_ERROR;
				CLANG_WARN_RANGE_LOOP_ANALYSIS = YES;
				CLANG_WARN_STRICT_PROTOTYPES = YES;
				CLANG_WARN_SUSPICIOUS_MOVE = YES;
				CLANG_WARN_UNGUARDED_AVAILABILITY = YES_AGGRESSIVE;
				CLANG_WARN_UNREACHABLE_CODE = YES;
				CLANG_WARN__DUPLICATE_METHOD_MATCH = YES;
				COPY_PHASE_STRIP = NO;
				DEBUG_INFORMATION_FORMAT = "dwarf-with-dsym";
				ENABLE_NS_ASSERTIONS = NO;
				ENABLE_STRICT_OBJC_MSGSEND = YES;
				GCC_C_LANGUAGE_STANDARD = gnu11;
				GCC_NO_COMMON_BLOCKS = YES;
				GCC_WARN_64_TO_32_BIT_CONVERSION = YES;
				GCC_WARN_ABOUT_RETURN_TYPE = YES_ERROR;
				GCC_WARN_UNDECLARED_SELECTOR = YES;
				GCC_WARN_UNINITIALIZED_AUTOS = YES_AGGRESSIVE;
				GCC_WARN_UNUSED_FUNCTION = YES;
				GCC_WARN_UNUSED_VARIABLE = YES;
				IPHONEOS_DEPLOYMENT_TARGET = 13.7;
				MTL_ENABLE_DEBUG_INFO = NO;
				MTL_FAST_MATH = YES;
				SDKROOT = iphoneos;
				SWIFT_COMPILATION_MODE = wholemodule;
				SWIFT_OPTIMIZATION_LEVEL = "-O";
				VALIDATE_PRODUCT = YES;
			};
			name = Release;
		};
		22079C392623E62A0039C406 /* Debug */ = {
			isa = XCBuildConfiguration;
			baseConfigurationReference = FE0FBD641A917A87465F7D4E /* Pods-VoiceTalk.debug.xcconfig */;
			buildSettings = {
				ASSETCATALOG_COMPILER_APPICON_NAME = AppIcon;
				CLANG_ENABLE_MODULES = YES;
				CODE_SIGN_ENTITLEMENTS = VoiceTalk/VoiceTalk.entitlements;
				CODE_SIGN_STYLE = Automatic;
				DEFINES_MODULE = YES;
				DEVELOPMENT_TEAM = GJXZ73B365;
				GCC_PRECOMPILE_PREFIX_HEADER = NO;
				GCC_PREFIX_HEADER = "";
				INFOPLIST_FILE = VoiceTalk/SupportFiles/Info.plist;
				IPHONEOS_DEPLOYMENT_TARGET = 10.0;
				LD_RUNPATH_SEARCH_PATHS = (
					"$(inherited)",
					"@executable_path/Frameworks",
				);
				PRODUCT_BUNDLE_IDENTIFIER = com.zondadd.VoiceTalk;
				PRODUCT_NAME = "$(TARGET_NAME)";
				SWIFT_OBJC_BRIDGING_HEADER = "VoiceTalk/SupportFiles/VoiceTalk-Bridging-Header.h";
				SWIFT_OPTIMIZATION_LEVEL = "-Onone";
				SWIFT_VERSION = 5.0;
				TARGETED_DEVICE_FAMILY = 1;
				VALID_ARCHS = "arm64 arm64e";
			};
			name = Debug;
		};
		22079C3A2623E62A0039C406 /* Release */ = {
			isa = XCBuildConfiguration;
			baseConfigurationReference = 11AA85BBDED262AAED693305 /* Pods-VoiceTalk.release.xcconfig */;
			buildSettings = {
				ASSETCATALOG_COMPILER_APPICON_NAME = AppIcon;
				CLANG_ENABLE_MODULES = YES;
				CODE_SIGN_ENTITLEMENTS = VoiceTalk/VoiceTalk.entitlements;
				CODE_SIGN_STYLE = Automatic;
				DEFINES_MODULE = YES;
				DEVELOPMENT_TEAM = GJXZ73B365;
				GCC_PRECOMPILE_PREFIX_HEADER = NO;
				GCC_PREFIX_HEADER = "";
				INFOPLIST_FILE = VoiceTalk/SupportFiles/Info.plist;
				IPHONEOS_DEPLOYMENT_TARGET = 10.0;
				LD_RUNPATH_SEARCH_PATHS = (
					"$(inherited)",
					"@executable_path/Frameworks",
				);
				PRODUCT_BUNDLE_IDENTIFIER = com.zondadd.VoiceTalk;
				PRODUCT_NAME = "$(TARGET_NAME)";
				SWIFT_OBJC_BRIDGING_HEADER = "VoiceTalk/SupportFiles/VoiceTalk-Bridging-Header.h";
				SWIFT_VERSION = 5.0;
				TARGETED_DEVICE_FAMILY = 1;
				VALID_ARCHS = "arm64 arm64e";
			};
			name = Release;
		};
/* End XCBuildConfiguration section */

/* Begin XCConfigurationList section */
		22079C1F2623E6270039C406 /* Build configuration list for PBXProject "VoiceTalk" */ = {
			isa = XCConfigurationList;
			buildConfigurations = (
				22079C362623E62A0039C406 /* Debug */,
				22079C372623E62A0039C406 /* Release */,
			);
			defaultConfigurationIsVisible = 0;
			defaultConfigurationName = Release;
		};
		22079C382623E62A0039C406 /* Build configuration list for PBXNativeTarget "VoiceTalk" */ = {
			isa = XCConfigurationList;
			buildConfigurations = (
				22079C392623E62A0039C406 /* Debug */,
				22079C3A2623E62A0039C406 /* Release */,
			);
			defaultConfigurationIsVisible = 0;
			defaultConfigurationName = Release;
		};
/* End XCConfigurationList section */
	};
	rootObject = 22079C1C2623E6270039C406 /* Project object */;
}
